
Microsoft Visual Studio Solution File, Format Version 12.00
# Visual Studio Version 17
VisualStudioVersion = 17.2.32616.157
MinimumVisualStudioVersion = 10.0.40219.1
Project("{FAE04EC0-301F-11D3-BF4B-00C04F79EFBC}") = "Memories_wpf", "Memories_wpf\Memories_wpf.csproj", "{6FC0904D-AE20-44B8-8D5C-C5E7A14AB43A}"
EndProject
Global
	GlobalSection(SolutionConfigurationPlatforms) = preSolution
		Debug|Any CPU = Debug|Any CPU
		Release|Any CPU = Release|Any CPU
	EndGlobalSection
	GlobalSection(ProjectConfigurationPlatforms) = postSolution
		{6FC0904D-AE20-44B8-8D5C-C5E7A14AB43A}.Debug|Any CPU.ActiveCfg = Debug|Any CPU
		{6FC0904D-AE20-44B8-8D5C-C5E7A14AB43A}.Debug|Any CPU.Build.0 = Debug|Any CPU
		{6FC0904D-AE20-44B8-8D5C-C5E7A14AB43A}.Release|Any CPU.ActiveCfg = Release|Any CPU
		{6FC0904D-AE20-44B8-8D5C-C5E7A14AB43A}.Release|Any CPU.Build.0 = Release|Any CPU
	EndGlobalSection
	GlobalSection(SolutionProperties) = preSolution
		HideSolutionNode = FALSE
	EndGlobalSection
	GlobalSection(ExtensibilityGlobals) = postSolution
		SolutionGuid = {ABC3769B-39C0-44F0-B64E-EDEF5A5C3E9F}
	EndGlobalSection
EndGlobal
